# THIS IS AN AUTOGENERATED FILE. DO NOT EDIT THIS FILE DIRECTLY.
# yarn lockfile v1


"@antv/adjust@~0.1.1":
  version "0.1.1"
  resolved "https://registry.npm.taobao.org/@antv/adjust/download/@antv/adjust-0.1.1.tgz#e263ab0e1a1941a648842fc086cf65a7e3b75e98"
  integrity sha1-4mOrDhoZQaZIhC/Ahs9lp+O3Xpg=
  dependencies:
    "@antv/util" "~1.3.1"

"@antv/attr@~0.1.0":
  version "0.1.2"
  resolved "https://registry.npm.taobao.org/@antv/attr/download/@antv/attr-0.1.2.tgz#2eeb122fcaaf851a2d8749abc7c60519d3f77e37"
  integrity sha1-LusSL8qvhRoth0mrx8YFGdP3fjc=
  dependencies:
    "@antv/util" "~1.3.1"

"@antv/f2@~3.3.5":
  version "3.3.9"
  resolved "https://registry.npm.taobao.org/@antv/f2/download/@antv/f2-3.3.9.tgz#3793da1925aba25cf3e39d7084b69290330c1107"
  integrity sha1-N5PaGSWrolzz451whLaSkDMMEQc=
  dependencies:
    "@antv/adjust" "~0.1.1"
    "@antv/attr" "~0.1.0"
    "@antv/scale" "~0.1.2"
    "@antv/util" "~1.2.5"
    hammerjs "^2.0.8"

"@antv/gl-matrix@^2.7.1":
  version "2.7.1"
  resolved "https://registry.npm.taobao.org/@antv/gl-matrix/download/@antv/gl-matrix-2.7.1.tgz#acb8e37f7ab3df01345aba4372d7942be42eba14"
  integrity sha1-rLjjf3qz3wE0WrpDcteUK+QuuhQ=

"@antv/my-f2@^1.1.6":
  version "1.1.6"
  resolved "https://registry.npm.taobao.org/@antv/my-f2/download/@antv/my-f2-1.1.6.tgz#433fb1c2d4ece53e6d7fc294947bff81b6aeda5e"
  integrity sha1-Qz+xwtTs5T5tf8KUlHv/gbau2l4=
  dependencies:
    "@antv/f2" "~3.3.5"
    wolfy87-eventemitter "^5.2.4"

"@antv/scale@~0.1.2":
  version "0.1.5"
  resolved "https://registry.npm.taobao.org/@antv/scale/download/@antv/scale-0.1.5.tgz#243266e8b9047cf64b2fdfc40f9834cf0846496e"
  integrity sha1-JDJm6LkEfPZLL9/ED5g0zwhGSW4=
  dependencies:
    "@antv/util" "~1.3.1"
    fecha "~2.3.3"

"@antv/util@~1.2.5":
  version "1.2.5"
  resolved "https://registry.npm.taobao.org/@antv/util/download/@antv/util-1.2.5.tgz#8896c5055ec29e4a344b5daa97bf82905f7d40cd"
  integrity sha1-iJbFBV7Cnko0S12ql7+CkF99QM0=
  dependencies:
    "@antv/gl-matrix" "^2.7.1"

"@antv/util@~1.3.1":
  version "1.3.1"
  resolved "https://registry.npm.taobao.org/@antv/util/download/@antv/util-1.3.1.tgz#30a34b201ff9126ec0d58c72c8166a9c3e644ccd"
  integrity sha1-MKNLIB/5Em7A1YxyyBZqnD5kTM0=
  dependencies:
    "@antv/gl-matrix" "^2.7.1"

ant-mini-flip-draw@^1.0.2:
  version "1.0.2"
  resolved "https://registry.yarnpkg.com/ant-mini-flip-draw/-/ant-mini-flip-draw-1.0.2.tgz#b9f7a044ab04bb7dde93c1603e0a04857a156b13"
  integrity sha512-eID5N0P26Qh4/TEXJmeCHQY6CifFca/NrwsbyUWnKRpggRTin1I2dqBdUo2+Ho0W1xOSuCwmKtTif9hXb+Kk+Q==

domelementtype@1:
  version "1.3.1"
  resolved "https://registry.npm.taobao.org/domelementtype/download/domelementtype-1.3.1.tgz#d048c44b37b0d10a7f2a3d5fee3f4333d790481f"
  integrity sha1-0EjESzew0Qp/Kj1f7j9DM9eQSB8=

domhandler@^2.4.2:
  version "2.4.2"
  resolved "https://registry.npm.taobao.org/domhandler/download/domhandler-2.4.2.tgz?cache=0&sync_timestamp=1564708887907&other_urls=https%3A%2F%2Fregistry.npm.taobao.org%2Fdomhandler%2Fdownload%2Fdomhandler-2.4.2.tgz#8805097e933d65e85546f726d60f5eb88b44f803"
  integrity sha1-iAUJfpM9ZehVRvcm1g9euItE+AM=
  dependencies:
    domelementtype "1"

entities@^1.1.1:
  version "1.1.2"
  resolved "https://registry.npm.taobao.org/entities/download/entities-1.1.2.tgz#bdfa735299664dfafd34529ed4f8522a275fea56"
  integrity sha1-vfpzUplmTfr9NFKe1PhSKidf6lY=

events@^3.0.0:
  version "3.0.0"
  resolved "https://registry.npm.taobao.org/events/download/events-3.0.0.tgz#9a0a0dfaf62893d92b875b8f2698ca4114973e88"
  integrity sha1-mgoN+vYok9krh1uPJpjKQRSXPog=

fecha@~2.3.3:
  version "2.3.3"
  resolved "https://registry.npm.taobao.org/fecha/download/fecha-2.3.3.tgz#948e74157df1a32fd1b12c3a3c3cdcb6ec9d96cd"
  integrity sha1-lI50FX3xoy/RsSw6PDzctuydls0=

hammerjs@^2.0.8:
  version "2.0.8"
  resolved "https://registry.npm.taobao.org/hammerjs/download/hammerjs-2.0.8.tgz#04ef77862cff2bb79d30f7692095930222bf60f1"
  integrity sha1-BO93hiz/K7edMPdpIJWTAiK/YPE=

mini-antui@^0.4.31:
  version "0.4.31"
  resolved "https://registry.npm.taobao.org/mini-antui/download/mini-antui-0.4.31.tgz#ffad84d00eb6d92c4220e2ee204e5559e39f11d1"
  integrity sha1-/62E0A622SxCIOLuIE5VWeOfEdE=

mini-html-parser2@^0.1.4:
  version "0.1.4"
  resolved "https://registry.npm.taobao.org/mini-html-parser2/download/mini-html-parser2-0.1.4.tgz#fe972bd76c93237a14a9440573fbda97fd8c0e61"
  integrity sha1-/pcr12yTI3oUqUQFc/val/2MDmE=
  dependencies:
    domhandler "^2.4.2"
    entities "^1.1.1"
    events "^3.0.0"

wolfy87-eventemitter@^5.2.4:
  version "5.2.9"
  resolved "https://registry.npm.taobao.org/wolfy87-eventemitter/download/wolfy87-eventemitter-5.2.9.tgz#e879f770b30fbb6512a8afbb330c388591099c2a"
  integrity sha1-6Hn3cLMPu2USqK+7Mww4hZEJnCo=
